{
  "object": {
    "pins": [
      {
        "package": "Amplify",
        "repositoryURL": "https://github.com/aws-amplify/amplify-ios",
        "state": {
          "branch": "main",
          "revision": "64247074d816e86595731fbb7562aebf5cb6296b",
          "version": null
        }
      },
      {
        "package": "AppSyncRealTimeClient",
        "repositoryURL": "https://github.com/aws-amplify/aws-appsync-realtime-client-ios.git",
        "state": {
          "branch": null,
          "revision": "57d5df1590e9ead5a0c3677ffa8d83688bd48608",
          "version": "1.9.0"
        }
      },
      {
        "package": "AWSiOSSDKV2",
        "repositoryURL": "https://github.com/aws-amplify/aws-sdk-ios-spm.git",
        "state": {
          "branch": null,
          "revision": "09b8fd5b0417d7ab7f467e34da863e69c3f26f3b",
          "version": "2.27.2"
        }
      },
      {
        "package": "SQLite.swift",
        "repositoryURL": "https://github.com/stephencelis/SQLite.swift.git",
        "state": {
          "branch": null,
          "revision": "0a9893ec030501a3956bee572d6b4fdd3ae158a1",
          "version": "0.12.2"
        }
      },
      {
        "package": "Starscream",
        "repositoryURL": "https://github.com/daltoniam/Starscream",
        "state": {
          "branch": null,
          "revision": "df8d82047f6654d8e4b655d1b1525c64e1059d21",
          "version": "4.0.4"
        }
      }
    ]
  },
  "version": 1
}
